{
    "name": "image-resizer",
    "version": "4.0.0",
    "lockfileVersion": 2,
    "requires": true,
    "packages": {
        "": {
            "name": "image-resizer",
            "version": "4.0.0",
            "license": "ISC",
            "dependencies": {
                "fortah-console-library": "file:../FortahConsoleLibrary",
                "fortah-core-library": "file:../FortahCoreLibrary",
                "fortah-file-system-library": "file:../FortahFileSystemLibrary",
                "fortah-image-library": "file:../FortahImageLibrary",
                "imagemagick": "^0.1.3"
            }
        },
        "../FortahConsoleLibrary": {
            "name": "fortah-console-library",
            "version": "1.1.0",
            "license": "ISC",
            "dependencies": {
                "fortah-core-library": "file:../FortahCoreLibrary"
            }
        },
        "../FortahCoreLibrary": {
            "name": "fortah-core-library",
            "version": "1.1.0",
            "license": "ISC",
            "dependencies": {
                "uuid": "^8.3.2"
            }
        },
        "../FortahFileSystemLibrary": {
            "name": "fortah-file-system-library",
            "version": "1.1.0",
            "license": "ISC",
            "dependencies": {
                "fortah-core-library": "file:../FortahCoreLibrary"
            }
        },
        "../FortahImageLibrary": {
            "name": "fortah-image-library",
            "version": "1.1.0",
            "license": "ISC",
            "dependencies": {
                "fortah-core-library": "file:../FortahCoreLibrary",
                "fortah-regex-library": "file:../FortahRegexLibrary",
                "imagemagick": "file:../FortahImageMagickLibrary"
            }
        },
        "node_modules/fortah-console-library": {
            "resolved": "../FortahConsoleLibrary",
            "link": true
        },
        "node_modules/fortah-core-library": {
            "resolved": "../FortahCoreLibrary",
            "link": true
        },
        "node_modules/fortah-file-system-library": {
            "resolved": "../FortahFileSystemLibrary",
            "link": true
        },
        "node_modules/fortah-image-library": {
            "resolved": "../FortahImageLibrary",
            "link": true
        },
        "node_modules/imagemagick": {
            "version": "0.1.3",
            "resolved": "https://registry.npmjs.org/imagemagick/-/imagemagick-0.1.3.tgz",
            "integrity": "sha1-dIPOoJO02fLi85aFetyIIbU3xWo="
        }
    },
    "dependencies": {
        "fortah-console-library": {
            "version": "file:../FortahConsoleLibrary",
            "requires": {
                "fortah-core-library": "file:../FortahCoreLibrary"
            }
        },
        "fortah-core-library": {
            "version": "file:../FortahCoreLibrary",
            "requires": {
                "uuid": "^8.3.2"
            }
        },
        "fortah-file-system-library": {
            "version": "file:../FortahFileSystemLibrary",
            "requires": {
                "fortah-core-library": "file:../FortahCoreLibrary"
            }
        },
        "fortah-image-library": {
            "version": "file:../FortahImageLibrary",
            "requires": {
                "fortah-core-library": "file:../FortahCoreLibrary",
                "fortah-regex-library": "file:../FortahRegexLibrary",
                "imagemagick": "file:../FortahImageMagickLibrary"
            }
        },
        "imagemagick": {
            "version": "0.1.3",
            "resolved": "https://registry.npmjs.org/imagemagick/-/imagemagick-0.1.3.tgz",
            "integrity": "sha1-dIPOoJO02fLi85aFetyIIbU3xWo="
        }
    }
}
